<Solution>
  <Project Path="Lab.Api/Lab.Api.csproj" />
  <Project Path="Lab.Application/Lab.Application.csproj" Id="49749c20-2036-4fa6-af5f-7e0e9f1c1203" />
  <Project Path="Lab.Domain/Lab.Domain.csproj" />
  <Project Path="Lab.Infrastructure/Lab.Infrastructure.csproj" Id="f199dbb9-7ea2-4187-b48f-1c4814eaf86d" />
</Solution>
